
Microsoft Visual Studio Solution File, Format Version 12.00
# Visual Studio Version 16
VisualStudioVersion = 16.0.31205.134
MinimumVisualStudioVersion = 10.0.40219.1
Project("{FAE04EC0-301F-11D3-BF4B-00C04F79EFBC}") = "EX6", "EX6\EX6.csproj", "{336D79B0-3911-46E9-ACFC-5A2145BB2CCD}"
EndProject
Project("{FAE04EC0-301F-11D3-BF4B-00C04F79EFBC}") = "EX 6.1", "EX 6.1\EX 6.1.csproj", "{1CA747C3-774C-4E77-846B-4D664C707E46}"
EndProject
Global
	GlobalSection(SolutionConfigurationPlatforms) = preSolution
		Debug|Any CPU = Debug|Any CPU
		Release|Any CPU = Release|Any CPU
	EndGlobalSection
	GlobalSection(ProjectConfigurationPlatforms) = postSolution
		{336D79B0-3911-46E9-ACFC-5A2145BB2CCD}.Debug|Any CPU.ActiveCfg = Debug|Any CPU
		{336D79B0-3911-46E9-ACFC-5A2145BB2CCD}.Debug|Any CPU.Build.0 = Debug|Any CPU
		{336D79B0-3911-46E9-ACFC-5A2145BB2CCD}.Release|Any CPU.ActiveCfg = Release|Any CPU
		{336D79B0-3911-46E9-ACFC-5A2145BB2CCD}.Release|Any CPU.Build.0 = Release|Any CPU
		{1CA747C3-774C-4E77-846B-4D664C707E46}.Debug|Any CPU.ActiveCfg = Debug|Any CPU
		{1CA747C3-774C-4E77-846B-4D664C707E46}.Debug|Any CPU.Build.0 = Debug|Any CPU
		{1CA747C3-774C-4E77-846B-4D664C707E46}.Release|Any CPU.ActiveCfg = Release|Any CPU
		{1CA747C3-774C-4E77-846B-4D664C707E46}.Release|Any CPU.Build.0 = Release|Any CPU
	EndGlobalSection
	GlobalSection(SolutionProperties) = preSolution
		HideSolutionNode = FALSE
	EndGlobalSection
	GlobalSection(ExtensibilityGlobals) = postSolution
		SolutionGuid = {00E51DD3-0B5A-4F92-A807-67BD33837A38}
	EndGlobalSection
EndGlobal
